<?xml version="1.0" encoding="utf-8"?>
<Project ToolsVersion="4.0" xmlns="http://schemas.microsoft.com/developer/msbuild/2003">
  <ItemGroup>
    <Filter Include="Source Files">
      <UniqueIdentifier>{4FC737F1-C7A5-4376-A066-2A32D752A2FF}</UniqueIdentifier>
      <Extensions>cpp;c;cc;cxx;def;odl;idl;hpj;bat;asm;asmx</Extensions>
    </Filter>
    <Filter Include="noise">
      <UniqueIdentifier>{bfc0dd36-a3fd-4211-9c1d-05201621973d}</UniqueIdentifier>
    </Filter>
    <Filter Include="NoiseTerrain">
      <UniqueIdentifier>{b77717c5-af05-4aa5-ad90-ac21c33d5fa6}</UniqueIdentifier>
    </Filter>
    <Filter Include="GLEW">
      <UniqueIdentifier>{fc227223-7910-4ea3-8a47-55b1d4ef0281}</UniqueIdentifier>
    </Filter>
    <Filter Include="Shader">
      <UniqueIdentifier>{fa7e9af0-111a-4940-a5eb-f17d06da3175}</UniqueIdentifier>
    </Filter>
    <Filter Include="Renderer">
      <UniqueIdentifier>{2eb8b1eb-2786-4c8e-b65d-d15b307fa380}</UniqueIdentifier>
    </Filter>
    <Filter Include="Renderer\TerrainRenderer">
      <UniqueIdentifier>{4a565efb-b764-45ef-a349-5c1e41f1811e}</UniqueIdentifier>
    </Filter>
    <Filter Include="Shader\Uniforms">
      <UniqueIdentifier>{c237dee7-4c36-4560-894a-88ea44c40fcf}</UniqueIdentifier>
    </Filter>
  </ItemGroup>
  <ItemGroup>
    <ClCompile Include="main.cpp">
      <Filter>Source Files</Filter>
    </ClCompile>
    <ClCompile Include="noise\perlin.cpp">
      <Filter>noise</Filter>
    </ClCompile>
    <ClCompile Include="NoiseTerrain.cpp">
      <Filter>NoiseTerrain</Filter>
    </ClCompile>
    <ClCompile Include="VerticeFromDataGenerator.cpp">
      <Filter>Source Files</Filter>
    </ClCompile>
    <ClCompile Include="..\GLEW\src\glew.c">
      <Filter>GLEW</Filter>
    </ClCompile>
    <ClCompile Include="ShaderCompiler.cpp">
      <Filter>Shader</Filter>
    </ClCompile>
    <ClCompile Include="Shader.cpp">
      <Filter>Shader</Filter>
    </ClCompile>
    <ClCompile Include="Program.cpp">
      <Filter>Shader</Filter>
    </ClCompile>
    <ClCompile Include="Renderer\BaseRenderer.cpp">
      <Filter>Renderer</Filter>
    </ClCompile>
    <ClCompile Include="Renderer\TerrainRenderer\TerrainRenderer.cpp">
      <Filter>Renderer\TerrainRenderer</Filter>
    </ClCompile>
    <ClCompile Include="UniformUploaders.cpp">
      <Filter>Shader\Uniforms</Filter>
    </ClCompile>
    <ClCompile Include="VertexAttribute.cpp">
      <Filter>Source Files</Filter>
    </ClCompile>
    <ClCompile Include="MeshObject.cpp">
      <Filter>Source Files</Filter>
    </ClCompile>
    <ClCompile Include="VertexPositionNormalMeshObject.cpp">
      <Filter>Source Files</Filter>
    </ClCompile>
    <ClCompile Include="UnitCube.cpp">
      <Filter>Source Files</Filter>
    </ClCompile>
  </ItemGroup>
  <ItemGroup>
    <ClInclude Include="noise\perlin.h">
      <Filter>noise</Filter>
    </ClInclude>
    <ClInclude Include="NoiseTerrain.h">
      <Filter>NoiseTerrain</Filter>
    </ClInclude>
    <ClInclude Include="VerticesFromDataGenerator.h">
      <Filter>Source Files</Filter>
    </ClInclude>
    <ClInclude Include="ShaderCompiler.h">
      <Filter>Shader</Filter>
    </ClInclude>
    <ClInclude Include="Shader.h">
      <Filter>Shader</Filter>
    </ClInclude>
    <ClInclude Include="Program.h">
      <Filter>Shader</Filter>
    </ClInclude>
    <ClInclude Include="Renderer\BaseRenderer.h">
      <Filter>Renderer</Filter>
    </ClInclude>
    <ClInclude Include="Renderer\TerrainRenderer\TerrainRenderer.h">
      <Filter>Renderer\TerrainRenderer</Filter>
    </ClInclude>
    <ClInclude Include="Uniform.h">
      <Filter>Shader\Uniforms</Filter>
    </ClInclude>
    <ClInclude Include="UniformUploaders.h">
      <Filter>Shader\Uniforms</Filter>
    </ClInclude>
    <ClInclude Include="VertexAttribute.h">
      <Filter>Source Files</Filter>
    </ClInclude>
    <ClInclude Include="MeshObject.h">
      <Filter>Source Files</Filter>
    </ClInclude>
    <ClInclude Include="VertexPositionNormalMeshObject.h">
      <Filter>Source Files</Filter>
    </ClInclude>
    <ClInclude Include="UnitCube.h">
      <Filter>Source Files</Filter>
    </ClInclude>
  </ItemGroup>
  <ItemGroup>
    <None Include="data\ColorPassthrough.frag" />
    <None Include="data\DirVertexLighting_PN.vert" />
    <None Include="data\VertexColors.frag" />
    <None Include="data\VertexColors.vert" />
    <None Include="data\PerFragmentLighting.frag" />
    <None Include="data\PerFragmentLighting.vert" />
  </ItemGroup>
</Project>