<?xml version="1.0" encoding="utf-8"?>
<Project ToolsVersion="4.0" xmlns="http://schemas.microsoft.com/developer/msbuild/2003">
  <ItemGroup>
    <Filter Include="Source Files">
      <UniqueIdentifier>{4FC737F1-C7A5-4376-A066-2A32D752A2FF}</UniqueIdentifier>
      <Extensions>cpp;c;cc;cxx;def;odl;idl;hpj;bat;asm;asmx</Extensions>
    </Filter>
    <Filter Include="noise">
      <UniqueIdentifier>{bfc0dd36-a3fd-4211-9c1d-05201621973d}</UniqueIdentifier>
    </Filter>
    <Filter Include="NoiseTerrain">
      <UniqueIdentifier>{b77717c5-af05-4aa5-ad90-ac21c33d5fa6}</UniqueIdentifier>
    </Filter>
    <Filter Include="GLEW">
      <UniqueIdentifier>{fc227223-7910-4ea3-8a47-55b1d4ef0281}</UniqueIdentifier>
    </Filter>
    <Filter Include="Shader">
      <UniqueIdentifier>{fa7e9af0-111a-4940-a5eb-f17d06da3175}</UniqueIdentifier>
    </Filter>
  </ItemGroup>
  <ItemGroup>
    <ClCompile Include="main.cpp">
      <Filter>Source Files</Filter>
    </ClCompile>
    <ClCompile Include="noise\perlin.cpp">
      <Filter>noise</Filter>
    </ClCompile>
    <ClCompile Include="NoiseTerrain.cpp">
      <Filter>NoiseTerrain</Filter>
    </ClCompile>
    <ClCompile Include="VerticeFromDataGenerator.cpp">
      <Filter>Source Files</Filter>
    </ClCompile>
    <ClCompile Include="..\GLEW\src\glew.c">
      <Filter>GLEW</Filter>
    </ClCompile>
    <ClCompile Include="ShaderCompiler.cpp">
      <Filter>Shader</Filter>
    </ClCompile>
  </ItemGroup>
  <ItemGroup>
    <ClInclude Include="noise\perlin.h">
      <Filter>noise</Filter>
    </ClInclude>
    <ClInclude Include="NoiseTerrain.h">
      <Filter>NoiseTerrain</Filter>
    </ClInclude>
    <ClInclude Include="VerticesFromDataGenerator.h">
      <Filter>Source Files</Filter>
    </ClInclude>
    <ClInclude Include="ShaderCompiler.h">
      <Filter>Shader</Filter>
    </ClInclude>
  </ItemGroup>
</Project>